<?xml version="1.0" encoding="utf-8"?>
<Project ToolsVersion="4.0" xmlns="http://schemas.microsoft.com/developer/msbuild/2003">
  <ItemGroup>
    <ClCompile Include="..\middleware\glad\src\glad.c" />
    <ClCompile Include="src\AI.cpp">
      <Filter>src\GEO\Player</Filter>
    </ClCompile>
    <ClCompile Include="src\AStarNode.cpp">
      <Filter>src\GEO</Filter>
    </ClCompile>
    <ClCompile Include="src\Audio.cpp">
      <Filter>src\Game</Filter>
    </ClCompile>
    <ClCompile Include="src\Camera.cpp">
      <Filter>src\GEO</Filter>
    </ClCompile>
    <ClCompile Include="src\ContactModifyCallback.cpp">
      <Filter>src\Physics</Filter>
    </ClCompile>
    <ClCompile Include="src\GameHud.cpp">
      <Filter>src\Game</Filter>
    </ClCompile>
    <ClCompile Include="src\GameState.cpp">
      <Filter>src\Game</Filter>
    </ClCompile>
    <ClCompile Include="src\GEO.cpp">
      <Filter>src\GEO</Filter>
    </ClCompile>
    <ClCompile Include="src\Human.cpp">
      <Filter>src\GEO\Player</Filter>
    </ClCompile>
    <ClCompile Include="src\Player.cpp">
      <Filter>src\GEO\Player</Filter>
    </ClCompile>
    <ClCompile Include="src\Item.cpp">
      <Filter>src\GEO\Item</Filter>
    </ClCompile>
    <ClCompile Include="src\ItemSpawner.cpp">
      <Filter>src\GEO\Item</Filter>
    </ClCompile>
    <ClCompile Include="src\Vehicle.cpp">
      <Filter>src\GEO\Vehicle</Filter>
    </ClCompile>
    <ClCompile Include="src\LargeVehicle.cpp">
      <Filter>src\GEO\Vehicle</Filter>
    </ClCompile>
    <ClCompile Include="src\LightVehicle.cpp">
      <Filter>src\GEO\Vehicle</Filter>
    </ClCompile>
    <ClCompile Include="src\MediumVehicle.cpp">
      <Filter>src\GEO\Vehicle</Filter>
    </ClCompile>
    <ClCompile Include="src\main.cpp">
      <Filter>src\Game</Filter>
    </ClCompile>
    <ClCompile Include="src\Timer.cpp">
      <Filter>src\Game</Filter>
    </ClCompile>
    <ClCompile Include="src\TitleScreen.cpp">
      <Filter>src\Game</Filter>
    </ClCompile>
    <ClCompile Include="src\Utility.cpp">
      <Filter>src\Game</Filter>
    </ClCompile>
    <ClCompile Include="src\ScreenOverlay.cpp">
      <Filter>src\Game</Filter>
    </ClCompile>
    <ClCompile Include="src\Mesh.cpp">
      <Filter>src\GameEngine</Filter>
    </ClCompile>
    <ClCompile Include="src\Shader.cpp">
      <Filter>src\GameEngine</Filter>
    </ClCompile>
    <ClCompile Include="src\Texture.cpp">
      <Filter>src\GameEngine</Filter>
    </ClCompile>
    <ClCompile Include="src\XboxController.cpp">
      <Filter>src\Controller</Filter>
    </ClCompile>
    <ClCompile Include="src\SnippetVehicleTireFriction.cpp">
      <Filter>src\Physics</Filter>
    </ClCompile>
    <ClCompile Include="src\SnippetVehicleRaycast.cpp">
      <Filter>src\Physics</Filter>
    </ClCompile>
    <ClCompile Include="src\SnippetVehicleNoDriveCreate.cpp">
      <Filter>src\Physics</Filter>
    </ClCompile>
    <ClCompile Include="src\SnippetVehicleFilterShader.cpp">
      <Filter>src\Physics</Filter>
    </ClCompile>
    <ClCompile Include="src\SnippetVehicleCreate.cpp">
      <Filter>src\Physics</Filter>
    </ClCompile>
    <ClCompile Include="src\PhysXMain.cpp">
      <Filter>src\Physics</Filter>
    </ClCompile>
    <ClCompile Include="src\GameFactory.cpp">
      <Filter>src\Game</Filter>
    </ClCompile>
    <ClCompile Include="src\SuddenDeathGame.cpp">
      <Filter>src\Game</Filter>
    </ClCompile>
    <ClCompile Include="src\TimedGame.cpp">
      <Filter>src\Game</Filter>
    </ClCompile>
    <ClCompile Include="src\Screen.cpp">
      <Filter>src\Game\Title</Filter>
    </ClCompile>
    <ClCompile Include="src\CarScreen.cpp">
      <Filter>src\Game\Title</Filter>
    </ClCompile>
    <ClCompile Include="src\MainScreen.cpp">
      <Filter>src\Game\Title</Filter>
    </ClCompile>
    <ClCompile Include="src\RulesScreen.cpp">
      <Filter>src\Game\Title</Filter>
    </ClCompile>
    <ClCompile Include="src\MultiplayerScreen.cpp">
      <Filter>src\Game\Title</Filter>
    </ClCompile>
    <ClCompile Include="src\ModeScreen.cpp">
      <Filter>src\Game\Title</Filter>
    </ClCompile>
    <ClCompile Include="src\PlayButtonScreen.cpp">
      <Filter>src\Game\Title</Filter>
    </ClCompile>
    <ClCompile Include="src\PauseScreen.cpp">
      <Filter>src\Game</Filter>
    </ClCompile>
    <ClCompile Include="src\EndGameScreen.cpp">
      <Filter>src\Game</Filter>
    </ClCompile>
  </ItemGroup>
  <ItemGroup>
    <ClInclude Include="headers\GEO\player\AI.h">
      <Filter>headers\GEO\Player</Filter>
    </ClInclude>
    <ClInclude Include="headers\GEO\AStarNode.h">
      <Filter>headers\GEO</Filter>
    </ClInclude>
    <ClInclude Include="headers\Game\Audio.h">
      <Filter>headers\Game</Filter>
    </ClInclude>
    <ClInclude Include="headers\GEO\Camera.h">
      <Filter>headers\GEO</Filter>
    </ClInclude>
    <ClInclude Include="headers\Physics\ContactModifyCallback.h">
      <Filter>headers\Physics</Filter>
    </ClInclude>
    <ClInclude Include="headers\Game\GameHud.h">
      <Filter>headers\Game</Filter>
    </ClInclude>
    <ClInclude Include="headers\Game\GameState.h">
      <Filter>headers\Game</Filter>
    </ClInclude>
    <ClInclude Include="headers\GEO\GEO.h">
      <Filter>headers\GEO</Filter>
    </ClInclude>
    <ClInclude Include="headers\GEO\player\Human.h">
      <Filter>headers\GEO\Player</Filter>
    </ClInclude>
    <ClInclude Include="headers\GEO\player\Player.h">
      <Filter>headers\GEO\Player</Filter>
    </ClInclude>
    <ClInclude Include="headers\GEO\item\Item.h">
      <Filter>headers\GEO\Item</Filter>
    </ClInclude>
    <ClInclude Include="headers\GEO\item\ItemSpawner.h">
      <Filter>headers\GEO\Item</Filter>
    </ClInclude>
    <ClInclude Include="headers\GEO\vehicle\LargeVehicle.h">
      <Filter>headers\GEO\Vehicle</Filter>
    </ClInclude>
    <ClInclude Include="headers\GEO\vehicle\LightVehicle.h">
      <Filter>headers\GEO\Vehicle</Filter>
    </ClInclude>
    <ClInclude Include="headers\GEO\vehicle\MediumVehicle.h">
      <Filter>headers\GEO\Vehicle</Filter>
    </ClInclude>
    <ClInclude Include="headers\GEO\vehicle\Vehicle.h">
      <Filter>headers\GEO\Vehicle</Filter>
    </ClInclude>
    <ClInclude Include="headers\Game\main.h">
      <Filter>headers\Game</Filter>
    </ClInclude>
    <ClInclude Include="headers\Game\Timer.h">
      <Filter>headers\Game</Filter>
    </ClInclude>
    <ClInclude Include="headers\Game\TitleScreen.h">
      <Filter>headers\Game</Filter>
    </ClInclude>
    <ClInclude Include="headers\Game\Utility.h">
      <Filter>headers\Game</Filter>
    </ClInclude>
    <ClInclude Include="headers\Game\ScreenOverlay.h">
      <Filter>headers\Game</Filter>
    </ClInclude>
    <ClInclude Include="headers\GameEngine\Mesh.h">
      <Filter>headers\GameEngine</Filter>
    </ClInclude>
    <ClInclude Include="headers\GameEngine\Shader.h">
      <Filter>headers\GameEngine</Filter>
    </ClInclude>
    <ClInclude Include="headers\GameEngine\Texture.h">
      <Filter>headers\GameEngine</Filter>
    </ClInclude>
    <ClInclude Include="headers\Controller\XboxController.h">
      <Filter>headers\Controller</Filter>
    </ClInclude>
    <ClInclude Include="headers\Physics\PhysXMain.h">
      <Filter>headers\Physics</Filter>
    </ClInclude>
    <ClInclude Include="headers\Physics\SnippetVehicleCreate.h">
      <Filter>headers\Physics</Filter>
    </ClInclude>
    <ClInclude Include="headers\Physics\SnippetVehicleFilterShader.h">
      <Filter>headers\Physics</Filter>
    </ClInclude>
    <ClInclude Include="headers\Physics\SnippetVehicleRaycast.h">
      <Filter>headers\Physics</Filter>
    </ClInclude>
    <ClInclude Include="headers\Physics\SnippetVehicleTireFriction.h">
      <Filter>headers\Physics</Filter>
    </ClInclude>
    <ClInclude Include="headers\Game\TimedGame.h">
      <Filter>headers\Game</Filter>
    </ClInclude>
    <ClInclude Include="headers\Game\SuddenDeathGame.h">
      <Filter>headers\Game</Filter>
    </ClInclude>
    <ClInclude Include="headers\Game\GameFactory.h">
      <Filter>headers\Game</Filter>
    </ClInclude>
    <ClInclude Include="headers\Game\Title\Screen.h">
      <Filter>headers\Game\Title</Filter>
    </ClInclude>
    <ClInclude Include="headers\Game\Title\CarScreen.h">
      <Filter>headers\Game\Title</Filter>
    </ClInclude>
    <ClInclude Include="headers\Game\Title\RulesScreen.h">
      <Filter>headers\Game\Title</Filter>
    </ClInclude>
    <ClInclude Include="headers\Game\Title\MainScreen.h">
      <Filter>headers\Game\Title</Filter>
    </ClInclude>
    <ClInclude Include="headers\Game\Title\MultiplayerScreen.h">
      <Filter>headers\Game\Title</Filter>
    </ClInclude>
    <ClInclude Include="headers\Game\Title\ModeScreen.h">
      <Filter>headers\Game\Title</Filter>
    </ClInclude>
    <ClInclude Include="headers\Game\Title\PlayButtonScreen.h">
      <Filter>headers\Game\Title</Filter>
    </ClInclude>
    <ClInclude Include="headers\Game\PauseScreen.h">
      <Filter>headers\Game</Filter>
    </ClInclude>
    <ClInclude Include="headers\Game\EndGameScreen.h">
      <Filter>headers\Game</Filter>
    </ClInclude>
  </ItemGroup>
  <ItemGroup>
    <None Include="shaders\billboard.frag">
      <Filter>Shaders\Fragment</Filter>
    </None>
    <None Include="shaders\billboard.vert">
      <Filter>Shaders\Vertex</Filter>
    </None>
    <None Include="shaders\hdr.vert">
      <Filter>Shaders\Vertex</Filter>
    </None>
    <None Include="shaders\hdr.frag">
      <Filter>Shaders\Fragment</Filter>
    </None>
    <None Include="shaders\phong.vert">
      <Filter>Shaders\Vertex</Filter>
    </None>
    <None Include="shaders\tex2D.vert">
      <Filter>Shaders\Vertex</Filter>
    </None>
    <None Include="shaders\toon.vert">
      <Filter>Shaders\Vertex</Filter>
    </None>
    <None Include="shaders\skybox.vert">
      <Filter>Shaders\Vertex</Filter>
    </None>
    <None Include="shaders\screenOverlay.vert">
      <Filter>Shaders\Vertex</Filter>
    </None>
    <None Include="shaders\screenOverlay.frag">
      <Filter>Shaders\Fragment</Filter>
    </None>
    <None Include="shaders\toon.frag">
      <Filter>Shaders\Fragment</Filter>
    </None>
    <None Include="shaders\tex2D.frag">
      <Filter>Shaders\Fragment</Filter>
    </None>
    <None Include="shaders\skybox.frag">
      <Filter>Shaders\Fragment</Filter>
    </None>
    <None Include="shaders\phong.frag">
      <Filter>Shaders\Fragment</Filter>
    </None>
  </ItemGroup>
  <ItemGroup>
    <Text Include="config\config.txt" />
  </ItemGroup>
  <ItemGroup>
    <Filter Include="src">
      <UniqueIdentifier>{5a974c1b-6c5f-4598-9f0e-05bc5e5ec7e4}</UniqueIdentifier>
    </Filter>
    <Filter Include="headers">
      <UniqueIdentifier>{06f7d5c3-5b8d-4cf7-b002-5346af1d6179}</UniqueIdentifier>
    </Filter>
    <Filter Include="headers\Controller">
      <UniqueIdentifier>{888b171a-5fdd-45ab-93f9-9bd0ebce0532}</UniqueIdentifier>
    </Filter>
    <Filter Include="headers\Game">
      <UniqueIdentifier>{08a6cfc2-712f-497b-aeae-da2a1f48149f}</UniqueIdentifier>
    </Filter>
    <Filter Include="headers\GameEngine">
      <UniqueIdentifier>{c67b1ce6-0a0f-4e6e-b334-958e1921309d}</UniqueIdentifier>
    </Filter>
    <Filter Include="headers\GEO">
      <UniqueIdentifier>{54c1b8c6-abab-4784-8053-e1c8a567445a}</UniqueIdentifier>
    </Filter>
    <Filter Include="headers\Physics">
      <UniqueIdentifier>{19153209-baf5-4c3e-961f-321ac48b37cc}</UniqueIdentifier>
    </Filter>
    <Filter Include="headers\GEO\Player">
      <UniqueIdentifier>{1fe01c7b-bbb6-410d-941c-8cdd1861ea83}</UniqueIdentifier>
    </Filter>
    <Filter Include="headers\GEO\Vehicle">
      <UniqueIdentifier>{63ffc0a0-62e6-4fa9-8bf5-d2f8d63f4312}</UniqueIdentifier>
    </Filter>
    <Filter Include="headers\GEO\Item">
      <UniqueIdentifier>{44a0e044-434a-4df5-b731-28bc3381abc8}</UniqueIdentifier>
    </Filter>
    <Filter Include="Shaders">
      <UniqueIdentifier>{11006f7d-7ac1-40e4-aef0-73b9ca407a33}</UniqueIdentifier>
    </Filter>
    <Filter Include="Shaders\Fragment">
      <UniqueIdentifier>{8a712408-167a-4b6e-899f-e3cc7388ef50}</UniqueIdentifier>
    </Filter>
    <Filter Include="Shaders\Vertex">
      <UniqueIdentifier>{be32d4b9-2223-45a4-a31c-8601603e784d}</UniqueIdentifier>
    </Filter>
    <Filter Include="src\Controller">
      <UniqueIdentifier>{f09fd2cb-1ed4-4078-8496-262230ed2152}</UniqueIdentifier>
    </Filter>
    <Filter Include="src\Game">
      <UniqueIdentifier>{3d235c60-216b-4191-b4b0-4c8878437072}</UniqueIdentifier>
    </Filter>
    <Filter Include="src\GameEngine">
      <UniqueIdentifier>{da4dcfac-359b-4486-bc0f-2d64d0088bea}</UniqueIdentifier>
    </Filter>
    <Filter Include="src\GEO">
      <UniqueIdentifier>{469d7d93-f19e-4e38-87d7-51926306b761}</UniqueIdentifier>
    </Filter>
    <Filter Include="src\GEO\Item">
      <UniqueIdentifier>{3b7c97c7-78aa-4334-9a8f-a596283568da}</UniqueIdentifier>
    </Filter>
    <Filter Include="src\GEO\Vehicle">
      <UniqueIdentifier>{dafb84b8-3937-43cd-98f6-1621207a576f}</UniqueIdentifier>
    </Filter>
    <Filter Include="src\GEO\Player">
      <UniqueIdentifier>{e0e13f9a-56eb-4c80-8519-9a01aa33e753}</UniqueIdentifier>
    </Filter>
    <Filter Include="src\Physics">
      <UniqueIdentifier>{7a5260ce-60e3-43e1-8ce1-7e3f3f681d24}</UniqueIdentifier>
    </Filter>
    <Filter Include="headers\Game\Title">
      <UniqueIdentifier>{d914998a-12ca-4938-a3f8-8f1957225a4d}</UniqueIdentifier>
    </Filter>
    <Filter Include="src\Game\Title">
      <UniqueIdentifier>{6f920c35-1eaa-4ad8-96c3-3590b7253c2c}</UniqueIdentifier>
    </Filter>
  </ItemGroup>
</Project>